
Microsoft Visual Studio Solution File, Format Version 12.00
# Visual Studio Version 17
VisualStudioVersion = 17.7.34009.444
MinimumVisualStudioVersion = 10.0.40219.1
Project("{F184B08F-C81C-45F6-A57F-5ABD9991F28F}") = "XCS-20", "XCS-20\XCS-20.vbproj", "{4A4B3BDD-AE89-4C52-81F6-E983E6D0FD85}"
EndProject
Global
	GlobalSection(SolutionConfigurationPlatforms) = preSolution
		Debug|Any CPU = Debug|Any CPU
		Release|Any CPU = Release|Any CPU
	EndGlobalSection
	GlobalSection(ProjectConfigurationPlatforms) = postSolution
		{4A4B3BDD-AE89-4C52-81F6-E983E6D0FD85}.Debug|Any CPU.ActiveCfg = Debug|Any CPU
		{4A4B3BDD-AE89-4C52-81F6-E983E6D0FD85}.Debug|Any CPU.Build.0 = Debug|Any CPU
		{4A4B3BDD-AE89-4C52-81F6-E983E6D0FD85}.Release|Any CPU.ActiveCfg = Release|Any CPU
		{4A4B3BDD-AE89-4C52-81F6-E983E6D0FD85}.Release|Any CPU.Build.0 = Release|Any CPU
	EndGlobalSection
	GlobalSection(SolutionProperties) = preSolution
		HideSolutionNode = FALSE
	EndGlobalSection
	GlobalSection(ExtensibilityGlobals) = postSolution
		SolutionGuid = {93509B53-74A2-484F-93AF-7859F044A090}
	EndGlobalSection
EndGlobal
